// !$*UTF8*$!
{
	archiveVersion = 1;
	classes = {
	};
	objectVersion = 77;
	objects = {

/* Begin PBXBuildFile section */
		CB2569902E7D93790080B889 /* LeapModelDownloader in Frameworks */ = {isa = PBXBuildFile; productRef = CB25698F2E7D93790080B889 /* LeapModelDownloader */; };
		CB2569922E7D93790080B889 /* LeapSDK in Frameworks */ = {isa = PBXBuildFile; productRef = CB2569912E7D93790080B889 /* LeapSDK */; };
/* End PBXBuildFile section */

/* Begin PBXContainerItemProxy section */
		CB2569722E7C30820080B889 /* PBXContainerItemProxy */ = {
			isa = PBXContainerItemProxy;
			containerPortal = CB25695C2E7C30800080B889 /* Project object */;
			proxyType = 1;
			remoteGlobalIDString = CB2569632E7C30800080B889;
			remoteInfo = ImageClassifier;
		};
		CB25697C2E7C30820080B889 /* PBXContainerItemProxy */ = {
			isa = PBXContainerItemProxy;
			containerPortal = CB25695C2E7C30800080B889 /* Project object */;
			proxyType = 1;
			remoteGlobalIDString = CB2569632E7C30800080B889;
			remoteInfo = ImageClassifier;
		};
/* End PBXContainerItemProxy section */

/* Begin PBXFileReference section */
		CB2569642E7C30800080B889 /* ImageClassifier.app */ = {isa = PBXFileReference; explicitFileType = wrapper.application; includeInIndex = 0; path = ImageClassifier.app; sourceTree = BUILT_PRODUCTS_DIR; };
		CB2569712E7C30820080B889 /* ImageClassifierTests.xctest */ = {isa = PBXFileReference; explicitFileType = wrapper.cfbundle; includeInIndex = 0; path = ImageClassifierTests.xctest; sourceTree = BUILT_PRODUCTS_DIR; };
		CB25697B2E7C30820080B889 /* ImageClassifierUITests.xctest */ = {isa = PBXFileReference; explicitFileType = wrapper.cfbundle; includeInIndex = 0; path = ImageClassifierUITests.xctest; sourceTree = BUILT_PRODUCTS_DIR; };
/* End PBXFileReference section */

/* Begin PBXFileSystemSynchronizedRootGroup section */
		CB2569662E7C30800080B889 /* ImageClassifier */ = {
			isa = PBXFileSystemSynchronizedRootGroup;
			path = ImageClassifier;
			sourceTree = "<group>";
		};
		CB2569742E7C30820080B889 /* ImageClassifierTests */ = {
			isa = PBXFileSystemSynchronizedRootGroup;
			path = ImageClassifierTests;
			sourceTree = "<group>";
		};
		CB25697E2E7C30820080B889 /* ImageClassifierUITests */ = {
			isa = PBXFileSystemSynchronizedRootGroup;
			path = ImageClassifierUITests;
			sourceTree = "<group>";
		};
/* End PBXFileSystemSynchronizedRootGroup section */

/* Begin PBXFrameworksBuildPhase section */
		CB2569612E7C30800080B889 /* Frameworks */ = {
			isa = PBXFrameworksBuildPhase;
			buildActionMask = 2147483647;
			files = (
				CB2569902E7D93790080B889 /* LeapModelDownloader in Frameworks */,
				CB2569922E7D93790080B889 /* LeapSDK in Frameworks */,
			);
			runOnlyForDeploymentPostprocessing = 0;
		};
		CB25696E2E7C30820080B889 /* Frameworks */ = {
			isa = PBXFrameworksBuildPhase;
			buildActionMask = 2147483647;
			files = (
			);
			runOnlyForDeploymentPostprocessing = 0;
		};
		CB2569782E7C30820080B889 /* Frameworks */ = {
			isa = PBXFrameworksBuildPhase;
			buildActionMask = 2147483647;
			files = (
			);
			runOnlyForDeploymentPostprocessing = 0;
		};
/* End PBXFrameworksBuildPhase section */

/* Begin PBXGroup section */
		CB25695B2E7C30800080B889 = {
			isa = PBXGroup;
			children = (
				CB2569662E7C30800080B889 /* ImageClassifier */,
				CB2569742E7C30820080B889 /* ImageClassifierTests */,
				CB25697E2E7C30820080B889 /* ImageClassifierUITests */,
				CB2569652E7C30800080B889 /* Products */,
			);
			sourceTree = "<group>";
		};
		CB2569652E7C30800080B889 /* Products */ = {
			isa = PBXGroup;
			children = (
				CB2569642E7C30800080B889 /* ImageClassifier.app */,
				CB2569712E7C30820080B889 /* ImageClassifierTests.xctest */,
				CB25697B2E7C30820080B889 /* ImageClassifierUITests.xctest */,
			);
			name = Products;
			sourceTree = "<group>";
		};
/* End PBXGroup section */

/* Begin PBXNativeTarget section */
		CB2569632E7C30800080B889 /* ImageClassifier */ = {
			isa = PBXNativeTarget;
			buildConfigurationList = CB2569852E7C30820080B889 /* Build configuration list for PBXNativeTarget "ImageClassifier" */;
			buildPhases = (
				CB2569602E7C30800080B889 /* Sources */,
				CB2569612E7C30800080B889 /* Frameworks */,
				CB2569622E7C30800080B889 /* Resources */,
			);
			buildRules = (
			);
			dependencies = (
			);
			fileSystemSynchronizedGroups = (
				CB2569662E7C30800080B889 /* ImageClassifier */,
			);
			name = ImageClassifier;
			packageProductDependencies = (
				CB25698F2E7D93790080B889 /* LeapModelDownloader */,
				CB2569912E7D93790080B889 /* LeapSDK */,
			);
			productName = ImageClassifier;
			productReference = CB2569642E7C30800080B889 /* ImageClassifier.app */;
			productType = "com.apple.product-type.application";
		};
		CB2569702E7C30820080B889 /* ImageClassifierTests */ = {
			isa = PBXNativeTarget;
			buildConfigurationList = CB2569882E7C30820080B889 /* Build configuration list for PBXNativeTarget "ImageClassifierTests" */;
			buildPhases = (
				CB25696D2E7C30820080B889 /* Sources */,
				CB25696E2E7C30820080B889 /* Frameworks */,
				CB25696F2E7C30820080B889 /* Resources */,
			);
			buildRules = (
			);
			dependencies = (
				CB2569732E7C30820080B889 /* PBXTargetDependency */,
			);
			fileSystemSynchronizedGroups = (
				CB2569742E7C30820080B889 /* ImageClassifierTests */,
			);
			name = ImageClassifierTests;
			packageProductDependencies = (
			);
			productName = ImageClassifierTests;
			productReference = CB2569712E7C30820080B889 /* ImageClassifierTests.xctest */;
			productType = "com.apple.product-type.bundle.unit-test";
		};
		CB25697A2E7C30820080B889 /* ImageClassifierUITests */ = {
			isa = PBXNativeTarget;
			buildConfigurationList = CB25698B2E7C30820080B889 /* Build configuration list for PBXNativeTarget "ImageClassifierUITests" */;
			buildPhases = (
				CB2569772E7C30820080B889 /* Sources */,
				CB2569782E7C30820080B889 /* Frameworks */,
				CB2569792E7C30820080B889 /* Resources */,
			);
			buildRules = (
			);
			dependencies = (
				CB25697D2E7C30820080B889 /* PBXTargetDependency */,
			);
			fileSystemSynchronizedGroups = (
				CB25697E2E7C30820080B889 /* ImageClassifierUITests */,
			);
			name = ImageClassifierUITests;
			packageProductDependencies = (
			);
			productName = ImageClassifierUITests;
			productReference = CB25697B2E7C30820080B889 /* ImageClassifierUITests.xctest */;
			productType = "com.apple.product-type.bundle.ui-testing";
		};
/* End PBXNativeTarget section */

/* Begin PBXProject section */
		CB25695C2E7C30800080B889 /* Project object */ = {
			isa = PBXProject;
			attributes = {
				BuildIndependentTargetsInParallel = 1;
				LastSwiftUpdateCheck = 1640;
				LastUpgradeCheck = 1640;
				TargetAttributes = {
					CB2569632E7C30800080B889 = {
						CreatedOnToolsVersion = 16.4;
					};
					CB2569702E7C30820080B889 = {
						CreatedOnToolsVersion = 16.4;
						TestTargetID = CB2569632E7C30800080B889;
					};
					CB25697A2E7C30820080B889 = {
						CreatedOnToolsVersion = 16.4;
						TestTargetID = CB2569632E7C30800080B889;
					};
				};
			};
			buildConfigurationList = CB25695F2E7C30800080B889 /* Build configuration list for PBXProject "ImageClassifier" */;
			developmentRegion = en;
			hasScannedForEncodings = 0;
			knownRegions = (
				en,
				Base,
			);
			mainGroup = CB25695B2E7C30800080B889;
			minimizedProjectReferenceProxies = 1;
			packageReferences = (
				CB25698E2E7D93790080B889 /* XCRemoteSwiftPackageReference "leap-ios" */,
			);
			preferredProjectObjectVersion = 77;
			productRefGroup = CB2569652E7C30800080B889 /* Products */;
			projectDirPath = "";
			projectRoot = "";
			targets = (
				CB2569632E7C30800080B889 /* ImageClassifier */,
				CB2569702E7C30820080B889 /* ImageClassifierTests */,
				CB25697A2E7C30820080B889 /* ImageClassifierUITests */,
			);
		};
/* End PBXProject section */

/* Begin PBXResourcesBuildPhase section */
		CB2569622E7C30800080B889 /* Resources */ = {
			isa = PBXResourcesBuildPhase;
			buildActionMask = 2147483647;
			files = (
			);
			runOnlyForDeploymentPostprocessing = 0;
		};
		CB25696F2E7C30820080B889 /* Resources */ = {
			isa = PBXResourcesBuildPhase;
			buildActionMask = 2147483647;
			files = (
			);
			runOnlyForDeploymentPostprocessing = 0;
		};
		CB2569792E7C30820080B889 /* Resources */ = {
			isa = PBXResourcesBuildPhase;
			buildActionMask = 2147483647;
			files = (
			);
			runOnlyForDeploymentPostprocessing = 0;
		};
/* End PBXResourcesBuildPhase section */

/* Begin PBXSourcesBuildPhase section */
		CB2569602E7C30800080B889 /* Sources */ = {
			isa = PBXSourcesBuildPhase;
			buildActionMask = 2147483647;
			files = (
			);
			runOnlyForDeploymentPostprocessing = 0;
		};
		CB25696D2E7C30820080B889 /* Sources */ = {
			isa = PBXSourcesBuildPhase;
			buildActionMask = 2147483647;
			files = (
			);
			runOnlyForDeploymentPostprocessing = 0;
		};
		CB2569772E7C30820080B889 /* Sources */ = {
			isa = PBXSourcesBuildPhase;
			buildActionMask = 2147483647;
			files = (
			);
			runOnlyForDeploymentPostprocessing = 0;
		};
/* End PBXSourcesBuildPhase section */

/* Begin PBXTargetDependency section */
		CB2569732E7C30820080B889 /* PBXTargetDependency */ = {
			isa = PBXTargetDependency;
			target = CB2569632E7C30800080B889 /* ImageClassifier */;
			targetProxy = CB2569722E7C30820080B889 /* PBXContainerItemProxy */;
		};
		CB25697D2E7C30820080B889 /* PBXTargetDependency */ = {
			isa = PBXTargetDependency;
			target = CB2569632E7C30800080B889 /* ImageClassifier */;
			targetProxy = CB25697C2E7C30820080B889 /* PBXContainerItemProxy */;
		};
/* End PBXTargetDependency section */

/* Begin XCBuildConfiguration section */
		CB2569832E7C30820080B889 /* Debug */ = {
			isa = XCBuildConfiguration;
			buildSettings = {
				ALWAYS_SEARCH_USER_PATHS = NO;
				ASSETCATALOG_COMPILER_GENERATE_SWIFT_ASSET_SYMBOL_EXTENSIONS = YES;
				CLANG_ANALYZER_NONNULL = YES;
				CLANG_ANALYZER_NUMBER_OBJECT_CONVERSION = YES_AGGRESSIVE;
				CLANG_CXX_LANGUAGE_STANDARD = "gnu++20";
				CLANG_ENABLE_MODULES = YES;
				CLANG_ENABLE_OBJC_ARC = YES;
				CLANG_ENABLE_OBJC_WEAK = YES;
				CLANG_WARN_BLOCK_CAPTURE_AUTORELEASING = YES;
				CLANG_WARN_BOOL_CONVERSION = YES;
				CLANG_WARN_COMMA = YES;
				CLANG_WARN_CONSTANT_CONVERSION = YES;
				CLANG_WARN_DEPRECATED_OBJC_IMPLEMENTATIONS = YES;
				CLANG_WARN_DIRECT_OBJC_ISA_USAGE = YES_ERROR;
				CLANG_WARN_DOCUMENTATION_COMMENTS = YES;
				CLANG_WARN_EMPTY_BODY = YES;
				CLANG_WARN_ENUM_CONVERSION = YES;
				CLANG_WARN_INFINITE_RECURSION = YES;
				CLANG_WARN_INT_CONVERSION = YES;
				CLANG_WARN_NON_LITERAL_NULL_CONVERSION = YES;
				CLANG_WARN_OBJC_IMPLICIT_RETAIN_SELF = YES;
				CLANG_WARN_OBJC_LITERAL_CONVERSION = YES;
				CLANG_WARN_OBJC_ROOT_CLASS = YES_ERROR;
				CLANG_WARN_QUOTED_INCLUDE_IN_FRAMEWORK_HEADER = YES;
				CLANG_WARN_RANGE_LOOP_ANALYSIS = YES;
				CLANG_WARN_STRICT_PROTOTYPES = YES;
				CLANG_WARN_SUSPICIOUS_MOVE = YES;
				CLANG_WARN_UNGUARDED_AVAILABILITY = YES_AGGRESSIVE;
				CLANG_WARN_UNREACHABLE_CODE = YES;
				CLANG_WARN__DUPLICATE_METHOD_MATCH = YES;
				COPY_PHASE_STRIP = NO;
				DEBUG_INFORMATION_FORMAT = dwarf;
				ENABLE_STRICT_OBJC_MSGSEND = YES;
				ENABLE_TESTABILITY = YES;
				ENABLE_USER_SCRIPT_SANDBOXING = YES;
				GCC_C_LANGUAGE_STANDARD = gnu17;
				GCC_DYNAMIC_NO_PIC = NO;
				GCC_NO_COMMON_BLOCKS = YES;
				GCC_OPTIMIZATION_LEVEL = 0;
				GCC_PREPROCESSOR_DEFINITIONS = (
					"DEBUG=1",
					"$(inherited)",
				);
				GCC_WARN_64_TO_32_BIT_CONVERSION = YES;
				GCC_WARN_ABOUT_RETURN_TYPE = YES_ERROR;
				GCC_WARN_UNDECLARED_SELECTOR = YES;
				GCC_WARN_UNINITIALIZED_AUTOS = YES_AGGRESSIVE;
				GCC_WARN_UNUSED_FUNCTION = YES;
				GCC_WARN_UNUSED_VARIABLE = YES;
				IPHONEOS_DEPLOYMENT_TARGET = 18.5;
				LOCALIZATION_PREFERS_STRING_CATALOGS = YES;
				MTL_ENABLE_DEBUG_INFO = INCLUDE_SOURCE;
				MTL_FAST_MATH = YES;
				ONLY_ACTIVE_ARCH = YES;
				SDKROOT = iphoneos;
				SWIFT_ACTIVE_COMPILATION_CONDITIONS = "DEBUG $(inherited)";
				SWIFT_OPTIMIZATION_LEVEL = "-Onone";
			};
			name = Debug;
		};
		CB2569842E7C30820080B889 /* Release */ = {
			isa = XCBuildConfiguration;
			buildSettings = {
				ALWAYS_SEARCH_USER_PATHS = NO;
				ASSETCATALOG_COMPILER_GENERATE_SWIFT_ASSET_SYMBOL_EXTENSIONS = YES;
				CLANG_ANALYZER_NONNULL = YES;
				CLANG_ANALYZER_NUMBER_OBJECT_CONVERSION = YES_AGGRESSIVE;
				CLANG_CXX_LANGUAGE_STANDARD = "gnu++20";
				CLANG_ENABLE_MODULES = YES;
				CLANG_ENABLE_OBJC_ARC = YES;
				CLANG_ENABLE_OBJC_WEAK = YES;
				CLANG_WARN_BLOCK_CAPTURE_AUTORELEASING = YES;
				CLANG_WARN_BOOL_CONVERSION = YES;
				CLANG_WARN_COMMA = YES;
				CLANG_WARN_CONSTANT_CONVERSION = YES;
				CLANG_WARN_DEPRECATED_OBJC_IMPLEMENTATIONS = YES;
				CLANG_WARN_DIRECT_OBJC_ISA_USAGE = YES_ERROR;
				CLANG_WARN_DOCUMENTATION_COMMENTS = YES;
				CLANG_WARN_EMPTY_BODY = YES;
				CLANG_WARN_ENUM_CONVERSION = YES;
				CLANG_WARN_INFINITE_RECURSION = YES;
				CLANG_WARN_INT_CONVERSION = YES;
				CLANG_WARN_NON_LITERAL_NULL_CONVERSION = YES;
				CLANG_WARN_OBJC_IMPLICIT_RETAIN_SELF = YES;
				CLANG_WARN_OBJC_LITERAL_CONVERSION = YES;
				CLANG_WARN_OBJC_ROOT_CLASS = YES_ERROR;
				CLANG_WARN_QUOTED_INCLUDE_IN_FRAMEWORK_HEADER = YES;
				CLANG_WARN_RANGE_LOOP_ANALYSIS = YES;
				CLANG_WARN_STRICT_PROTOTYPES = YES;
				CLANG_WARN_SUSPICIOUS_MOVE = YES;
				CLANG_WARN_UNGUARDED_AVAILABILITY = YES_AGGRESSIVE;
				CLANG_WARN_UNREACHABLE_CODE = YES;
				CLANG_WARN__DUPLICATE_METHOD_MATCH = YES;
				COPY_PHASE_STRIP = NO;
				DEBUG_INFORMATION_FORMAT = "dwarf-with-dsym";
				ENABLE_NS_ASSERTIONS = NO;
				ENABLE_STRICT_OBJC_MSGSEND = YES;
				ENABLE_USER_SCRIPT_SANDBOXING = YES;
				GCC_C_LANGUAGE_STANDARD = gnu17;
				GCC_NO_COMMON_BLOCKS = YES;
				GCC_WARN_64_TO_32_BIT_CONVERSION = YES;
				GCC_WARN_ABOUT_RETURN_TYPE = YES_ERROR;
				GCC_WARN_UNDECLARED_SELECTOR = YES;
				GCC_WARN_UNINITIALIZED_AUTOS = YES_AGGRESSIVE;
				GCC_WARN_UNUSED_FUNCTION = YES;
				GCC_WARN_UNUSED_VARIABLE = YES;
				IPHONEOS_DEPLOYMENT_TARGET = 18.5;
				LOCALIZATION_PREFERS_STRING_CATALOGS = YES;
				MTL_ENABLE_DEBUG_INFO = NO;
				MTL_FAST_MATH = YES;
				SDKROOT = iphoneos;
				SWIFT_COMPILATION_MODE = wholemodule;
				VALIDATE_PRODUCT = YES;
			};
			name = Release;
		};
		CB2569862E7C30820080B889 /* Debug */ = {
			isa = XCBuildConfiguration;
			buildSettings = {
				ASSETCATALOG_COMPILER_APPICON_NAME = AppIcon;
				ASSETCATALOG_COMPILER_GLOBAL_ACCENT_COLOR_NAME = AccentColor;
				CODE_SIGN_STYLE = Automatic;
				CURRENT_PROJECT_VERSION = 1;
				ENABLE_PREVIEWS = YES;
				GENERATE_INFOPLIST_FILE = YES;
				INFOPLIST_KEY_UIApplicationSceneManifest_Generation = YES;
				INFOPLIST_KEY_UIApplicationSupportsIndirectInputEvents = YES;
				INFOPLIST_KEY_UILaunchScreen_Generation = YES;
				INFOPLIST_KEY_UISupportedInterfaceOrientations_iPad = "UIInterfaceOrientationPortrait UIInterfaceOrientationPortraitUpsideDown UIInterfaceOrientationLandscapeLeft UIInterfaceOrientationLandscapeRight";
				INFOPLIST_KEY_UISupportedInterfaceOrientations_iPhone = "UIInterfaceOrientationPortrait UIInterfaceOrientationLandscapeLeft UIInterfaceOrientationLandscapeRight";
				LD_RUNPATH_SEARCH_PATHS = (
					"$(inherited)",
					"@executable_path/Frameworks",
				);
				MARKETING_VERSION = 1.0;
				PRODUCT_BUNDLE_IDENTIFIER = name.paulabartabajo.ImageClassifier;
				PRODUCT_NAME = "$(TARGET_NAME)";
				SWIFT_EMIT_LOC_STRINGS = YES;
				SWIFT_VERSION = 5.0;
				TARGETED_DEVICE_FAMILY = "1,2";
			};
			name = Debug;
		};
		CB2569872E7C30820080B889 /* Release */ = {
			isa = XCBuildConfiguration;
			buildSettings = {
				ASSETCATALOG_COMPILER_APPICON_NAME = AppIcon;
				ASSETCATALOG_COMPILER_GLOBAL_ACCENT_COLOR_NAME = AccentColor;
				CODE_SIGN_STYLE = Automatic;
				CURRENT_PROJECT_VERSION = 1;
				ENABLE_PREVIEWS = YES;
				GENERATE_INFOPLIST_FILE = YES;
				INFOPLIST_KEY_UIApplicationSceneManifest_Generation = YES;
				INFOPLIST_KEY_UIApplicationSupportsIndirectInputEvents = YES;
				INFOPLIST_KEY_UILaunchScreen_Generation = YES;
				INFOPLIST_KEY_UISupportedInterfaceOrientations_iPad = "UIInterfaceOrientationPortrait UIInterfaceOrientationPortraitUpsideDown UIInterfaceOrientationLandscapeLeft UIInterfaceOrientationLandscapeRight";
				INFOPLIST_KEY_UISupportedInterfaceOrientations_iPhone = "UIInterfaceOrientationPortrait UIInterfaceOrientationLandscapeLeft UIInterfaceOrientationLandscapeRight";
				LD_RUNPATH_SEARCH_PATHS = (
					"$(inherited)",
					"@executable_path/Frameworks",
				);
				MARKETING_VERSION = 1.0;
				PRODUCT_BUNDLE_IDENTIFIER = name.paulabartabajo.ImageClassifier;
				PRODUCT_NAME = "$(TARGET_NAME)";
				SWIFT_EMIT_LOC_STRINGS = YES;
				SWIFT_VERSION = 5.0;
				TARGETED_DEVICE_FAMILY = "1,2";
			};
			name = Release;
		};
		CB2569892E7C30820080B889 /* Debug */ = {
			isa = XCBuildConfiguration;
			buildSettings = {
				BUNDLE_LOADER = "$(TEST_HOST)";
				CODE_SIGN_STYLE = Automatic;
				CURRENT_PROJECT_VERSION = 1;
				GENERATE_INFOPLIST_FILE = YES;
				IPHONEOS_DEPLOYMENT_TARGET = 18.5;
				MARKETING_VERSION = 1.0;
				PRODUCT_BUNDLE_IDENTIFIER = name.paulabartabajo.ImageClassifierTests;
				PRODUCT_NAME = "$(TARGET_NAME)";
				SWIFT_EMIT_LOC_STRINGS = NO;
				SWIFT_VERSION = 5.0;
				TARGETED_DEVICE_FAMILY = "1,2";
				TEST_HOST = "$(BUILT_PRODUCTS_DIR)/ImageClassifier.app/$(BUNDLE_EXECUTABLE_FOLDER_PATH)/ImageClassifier";
			};
			name = Debug;
		};
		CB25698A2E7C30820080B889 /* Release */ = {
			isa = XCBuildConfiguration;
			buildSettings = {
				BUNDLE_LOADER = "$(TEST_HOST)";
				CODE_SIGN_STYLE = Automatic;
				CURRENT_PROJECT_VERSION = 1;
				GENERATE_INFOPLIST_FILE = YES;
				IPHONEOS_DEPLOYMENT_TARGET = 18.5;
				MARKETING_VERSION = 1.0;
				PRODUCT_BUNDLE_IDENTIFIER = name.paulabartabajo.ImageClassifierTests;
				PRODUCT_NAME = "$(TARGET_NAME)";
				SWIFT_EMIT_LOC_STRINGS = NO;
				SWIFT_VERSION = 5.0;
				TARGETED_DEVICE_FAMILY = "1,2";
				TEST_HOST = "$(BUILT_PRODUCTS_DIR)/ImageClassifier.app/$(BUNDLE_EXECUTABLE_FOLDER_PATH)/ImageClassifier";
			};
			name = Release;
		};
		CB25698C2E7C30820080B889 /* Debug */ = {
			isa = XCBuildConfiguration;
			buildSettings = {
				CODE_SIGN_STYLE = Automatic;
				CURRENT_PROJECT_VERSION = 1;
				GENERATE_INFOPLIST_FILE = YES;
				MARKETING_VERSION = 1.0;
				PRODUCT_BUNDLE_IDENTIFIER = name.paulabartabajo.ImageClassifierUITests;
				PRODUCT_NAME = "$(TARGET_NAME)";
				SWIFT_EMIT_LOC_STRINGS = NO;
				SWIFT_VERSION = 5.0;
				TARGETED_DEVICE_FAMILY = "1,2";
				TEST_TARGET_NAME = ImageClassifier;
			};
			name = Debug;
		};
		CB25698D2E7C30820080B889 /* Release */ = {
			isa = XCBuildConfiguration;
			buildSettings = {
				CODE_SIGN_STYLE = Automatic;
				CURRENT_PROJECT_VERSION = 1;
				GENERATE_INFOPLIST_FILE = YES;
				MARKETING_VERSION = 1.0;
				PRODUCT_BUNDLE_IDENTIFIER = name.paulabartabajo.ImageClassifierUITests;
				PRODUCT_NAME = "$(TARGET_NAME)";
				SWIFT_EMIT_LOC_STRINGS = NO;
				SWIFT_VERSION = 5.0;
				TARGETED_DEVICE_FAMILY = "1,2";
				TEST_TARGET_NAME = ImageClassifier;
			};
			name = Release;
		};
/* End XCBuildConfiguration section */

/* Begin XCConfigurationList section */
		CB25695F2E7C30800080B889 /* Build configuration list for PBXProject "ImageClassifier" */ = {
			isa = XCConfigurationList;
			buildConfigurations = (
				CB2569832E7C30820080B889 /* Debug */,
				CB2569842E7C30820080B889 /* Release */,
			);
			defaultConfigurationIsVisible = 0;
			defaultConfigurationName = Release;
		};
		CB2569852E7C30820080B889 /* Build configuration list for PBXNativeTarget "ImageClassifier" */ = {
			isa = XCConfigurationList;
			buildConfigurations = (
				CB2569862E7C30820080B889 /* Debug */,
				CB2569872E7C30820080B889 /* Release */,
			);
			defaultConfigurationIsVisible = 0;
			defaultConfigurationName = Release;
		};
		CB2569882E7C30820080B889 /* Build configuration list for PBXNativeTarget "ImageClassifierTests" */ = {
			isa = XCConfigurationList;
			buildConfigurations = (
				CB2569892E7C30820080B889 /* Debug */,
				CB25698A2E7C30820080B889 /* Release */,
			);
			defaultConfigurationIsVisible = 0;
			defaultConfigurationName = Release;
		};
		CB25698B2E7C30820080B889 /* Build configuration list for PBXNativeTarget "ImageClassifierUITests" */ = {
			isa = XCConfigurationList;
			buildConfigurations = (
				CB25698C2E7C30820080B889 /* Debug */,
				CB25698D2E7C30820080B889 /* Release */,
			);
			defaultConfigurationIsVisible = 0;
			defaultConfigurationName = Release;
		};
/* End XCConfigurationList section */

/* Begin XCRemoteSwiftPackageReference section */
		CB25698E2E7D93790080B889 /* XCRemoteSwiftPackageReference "leap-ios" */ = {
			isa = XCRemoteSwiftPackageReference;
			repositoryURL = "https://github.com/Liquid4All/leap-ios.git";
			requirement = {
				branch = main;
				kind = branch;
			};
		};
/* End XCRemoteSwiftPackageReference section */

/* Begin XCSwiftPackageProductDependency section */
		CB25698F2E7D93790080B889 /* LeapModelDownloader */ = {
			isa = XCSwiftPackageProductDependency;
			package = CB25698E2E7D93790080B889 /* XCRemoteSwiftPackageReference "leap-ios" */;
			productName = LeapModelDownloader;
		};
		CB2569912E7D93790080B889 /* LeapSDK */ = {
			isa = XCSwiftPackageProductDependency;
			package = CB25698E2E7D93790080B889 /* XCRemoteSwiftPackageReference "leap-ios" */;
			productName = LeapSDK;
		};
/* End XCSwiftPackageProductDependency section */
	};
	rootObject = CB25695C2E7C30800080B889 /* Project object */;
}
